
Microsoft Visual Studio Solution File, Format Version 12.00
# Visual Studio Version 16
VisualStudioVersion = 16.0.29411.108
MinimumVisualStudioVersion = 10.0.40219.1
Project("{E53339B2-1760-4266-BCC7-CA923CBCF16C}") = "docker-compose", "docker-compose.dcproj", "{115AFF04-FEAC-4B27-B6A9-94D6B76F639A}"
EndProject
Project("{9A19103F-16F7-4668-BE54-9A1E7A4F7556}") = "WebApplication", "WebApplication\WebApplication.csproj", "{ECCEAB37-1191-4EB6-AF7A-A54FFE2354FC}"
EndProject
Project("{2150E333-8FDC-42A3-9474-1A3956D46DE8}") = "scripts", "scripts", "{0DC86505-9355-48F6-AEBA-8D59E00589B5}"
	ProjectSection(SolutionItems) = preProject
		scripts\mongosetup.sh = scripts\mongosetup.sh
	EndProjectSection
EndProject
Project("{9A19103F-16F7-4668-BE54-9A1E7A4F7556}") = "DataAccess", "DataAccess\DataAccess.csproj", "{C657F89B-AC2F-4CD2-8CBA-5D50A0BC1ED2}"
EndProject
Project("{FAE04EC0-301F-11D3-BF4B-00C04F79EFBC}") = "WebApp", "WebApp\WebApp.csproj", "{A6C274FD-964E-4E02-B1E2-80B6CC2D9284}"
EndProject
Global
	GlobalSection(SolutionConfigurationPlatforms) = preSolution
		Debug|Any CPU = Debug|Any CPU
		Release|Any CPU = Release|Any CPU
	EndGlobalSection
	GlobalSection(ProjectConfigurationPlatforms) = postSolution
		{115AFF04-FEAC-4B27-B6A9-94D6B76F639A}.Debug|Any CPU.ActiveCfg = Debug|Any CPU
		{115AFF04-FEAC-4B27-B6A9-94D6B76F639A}.Debug|Any CPU.Build.0 = Debug|Any CPU
		{115AFF04-FEAC-4B27-B6A9-94D6B76F639A}.Release|Any CPU.ActiveCfg = Release|Any CPU
		{115AFF04-FEAC-4B27-B6A9-94D6B76F639A}.Release|Any CPU.Build.0 = Release|Any CPU
		{ECCEAB37-1191-4EB6-AF7A-A54FFE2354FC}.Debug|Any CPU.ActiveCfg = Debug|Any CPU
		{ECCEAB37-1191-4EB6-AF7A-A54FFE2354FC}.Debug|Any CPU.Build.0 = Debug|Any CPU
		{ECCEAB37-1191-4EB6-AF7A-A54FFE2354FC}.Release|Any CPU.ActiveCfg = Release|Any CPU
		{ECCEAB37-1191-4EB6-AF7A-A54FFE2354FC}.Release|Any CPU.Build.0 = Release|Any CPU
		{C657F89B-AC2F-4CD2-8CBA-5D50A0BC1ED2}.Debug|Any CPU.ActiveCfg = Debug|Any CPU
		{C657F89B-AC2F-4CD2-8CBA-5D50A0BC1ED2}.Debug|Any CPU.Build.0 = Debug|Any CPU
		{C657F89B-AC2F-4CD2-8CBA-5D50A0BC1ED2}.Release|Any CPU.ActiveCfg = Release|Any CPU
		{C657F89B-AC2F-4CD2-8CBA-5D50A0BC1ED2}.Release|Any CPU.Build.0 = Release|Any CPU
		{A6C274FD-964E-4E02-B1E2-80B6CC2D9284}.Debug|Any CPU.ActiveCfg = Debug|Any CPU
		{A6C274FD-964E-4E02-B1E2-80B6CC2D9284}.Debug|Any CPU.Build.0 = Debug|Any CPU
		{A6C274FD-964E-4E02-B1E2-80B6CC2D9284}.Release|Any CPU.ActiveCfg = Release|Any CPU
		{A6C274FD-964E-4E02-B1E2-80B6CC2D9284}.Release|Any CPU.Build.0 = Release|Any CPU
	EndGlobalSection
	GlobalSection(SolutionProperties) = preSolution
		HideSolutionNode = FALSE
	EndGlobalSection
	GlobalSection(ExtensibilityGlobals) = postSolution
		SolutionGuid = {7B594229-23B4-47A5-95FB-FCD489E594BB}
	EndGlobalSection
EndGlobal
